
Microsoft Visual Studio Solution File, Format Version 12.00
# Visual Studio Version 17
VisualStudioVersion = 17.0.31903.59
MinimumVisualStudioVersion = 10.0.40219.1
Project("{9A19103F-16F7-4668-BE54-9A1E7A4F7556}") = "IDP", "IDP\IDP.csproj", "{0D631DA0-49E6-4EC1-93D3-0111388121E6}"
EndProject
Project("{9A19103F-16F7-4668-BE54-9A1E7A4F7556}") = "ImageGallery.Client", "ImageGallery.Client\ImageGallery.Client.csproj", "{3882AB37-CA60-49D7-8A4A-6DB74C3BF3A8}"
EndProject
Project("{9A19103F-16F7-4668-BE54-9A1E7A4F7556}") = "ImageGallery.Model", "ImageGallery.Model\ImageGallery.Model.csproj", "{ED1F813F-2E86-402C-A699-9565F81300CD}"
EndProject
Project("{9A19103F-16F7-4668-BE54-9A1E7A4F7556}") = "ImageGallery.API", "ImageGallery.API\ImageGallery.API.csproj", "{F84FEE45-B20D-4F1E-84A1-C12DF22EF924}"
EndProject
Global
	GlobalSection(SolutionConfigurationPlatforms) = preSolution
		Debug|Any CPU = Debug|Any CPU
		Release|Any CPU = Release|Any CPU
	EndGlobalSection
	GlobalSection(ProjectConfigurationPlatforms) = postSolution
		{0D631DA0-49E6-4EC1-93D3-0111388121E6}.Debug|Any CPU.ActiveCfg = Debug|Any CPU
		{0D631DA0-49E6-4EC1-93D3-0111388121E6}.Debug|Any CPU.Build.0 = Debug|Any CPU
		{0D631DA0-49E6-4EC1-93D3-0111388121E6}.Release|Any CPU.ActiveCfg = Release|Any CPU
		{0D631DA0-49E6-4EC1-93D3-0111388121E6}.Release|Any CPU.Build.0 = Release|Any CPU
		{3882AB37-CA60-49D7-8A4A-6DB74C3BF3A8}.Debug|Any CPU.ActiveCfg = Debug|Any CPU
		{3882AB37-CA60-49D7-8A4A-6DB74C3BF3A8}.Debug|Any CPU.Build.0 = Debug|Any CPU
		{3882AB37-CA60-49D7-8A4A-6DB74C3BF3A8}.Release|Any CPU.ActiveCfg = Release|Any CPU
		{3882AB37-CA60-49D7-8A4A-6DB74C3BF3A8}.Release|Any CPU.Build.0 = Release|Any CPU
		{ED1F813F-2E86-402C-A699-9565F81300CD}.Debug|Any CPU.ActiveCfg = Debug|Any CPU
		{ED1F813F-2E86-402C-A699-9565F81300CD}.Debug|Any CPU.Build.0 = Debug|Any CPU
		{ED1F813F-2E86-402C-A699-9565F81300CD}.Release|Any CPU.ActiveCfg = Release|Any CPU
		{ED1F813F-2E86-402C-A699-9565F81300CD}.Release|Any CPU.Build.0 = Release|Any CPU
		{F84FEE45-B20D-4F1E-84A1-C12DF22EF924}.Debug|Any CPU.ActiveCfg = Debug|Any CPU
		{F84FEE45-B20D-4F1E-84A1-C12DF22EF924}.Debug|Any CPU.Build.0 = Debug|Any CPU
		{F84FEE45-B20D-4F1E-84A1-C12DF22EF924}.Release|Any CPU.ActiveCfg = Release|Any CPU
		{F84FEE45-B20D-4F1E-84A1-C12DF22EF924}.Release|Any CPU.Build.0 = Release|Any CPU
	EndGlobalSection
	GlobalSection(SolutionProperties) = preSolution
		HideSolutionNode = FALSE
	EndGlobalSection
	GlobalSection(ExtensibilityGlobals) = postSolution
		SolutionGuid = {A4FD63C3-03D4-4D08-89A8-94D8D31F28B4}
	EndGlobalSection
EndGlobal
